
Microsoft Visual Studio Solution File, Format Version 12.00
# Visual Studio Version 17
VisualStudioVersion = 17.8.34309.116
MinimumVisualStudioVersion = 10.0.40219.1
Project("{FAE04EC0-301F-11D3-BF4B-00C04F79EFBC}") = "RussianSpace.API", "RussianSpace.API\RussianSpace.API.csproj", "{A027B445-4369-4067-9174-D329CEC5F676}"
EndProject
Global
	GlobalSection(SolutionConfigurationPlatforms) = preSolution
		Debug|Any CPU = Debug|Any CPU
		Release|Any CPU = Release|Any CPU
	EndGlobalSection
	GlobalSection(ProjectConfigurationPlatforms) = postSolution
		{A027B445-4369-4067-9174-D329CEC5F676}.Debug|Any CPU.ActiveCfg = Debug|Any CPU
		{A027B445-4369-4067-9174-D329CEC5F676}.Debug|Any CPU.Build.0 = Debug|Any CPU
		{A027B445-4369-4067-9174-D329CEC5F676}.Release|Any CPU.ActiveCfg = Release|Any CPU
		{A027B445-4369-4067-9174-D329CEC5F676}.Release|Any CPU.Build.0 = Release|Any CPU
	EndGlobalSection
	GlobalSection(SolutionProperties) = preSolution
		HideSolutionNode = FALSE
	EndGlobalSection
	GlobalSection(ExtensibilityGlobals) = postSolution
		SolutionGuid = {5EC56D9C-B638-466E-80D5-5E95F9BA3D4A}
	EndGlobalSection
EndGlobal
